// !$*UTF8*$!
{
	archiveVersion = 1;
	classes = {
	};
	objectVersion = 50;
	objects = {

/* Begin PBXBuildFile section */
		8126DF5C2757A6C900B1AF21 /* AppDelegate.swift in Sources */ = {isa = PBXBuildFile; fileRef = 8126DF5B2757A6C900B1AF21 /* AppDelegate.swift */; };
		8126DF5E2757A6C900B1AF21 /* SceneDelegate.swift in Sources */ = {isa = PBXBuildFile; fileRef = 8126DF5D2757A6C900B1AF21 /* SceneDelegate.swift */; };
		8126DF602757A6C900B1AF21 /* ViewController.swift in Sources */ = {isa = PBXBuildFile; fileRef = 8126DF5F2757A6C900B1AF21 /* ViewController.swift */; };
		8126DF632757A6CA00B1AF21 /* Main.storyboard in Resources */ = {isa = PBXBuildFile; fileRef = 8126DF612757A6CA00B1AF21 /* Main.storyboard */; };
		8126DF652757A6CC00B1AF21 /* Assets.xcassets in Resources */ = {isa = PBXBuildFile; fileRef = 8126DF642757A6CC00B1AF21 /* Assets.xcassets */; };
		8126DF682757A6CC00B1AF21 /* LaunchScreen.storyboard in Resources */ = {isa = PBXBuildFile; fileRef = 8126DF662757A6CC00B1AF21 /* LaunchScreen.storyboard */; };
		8126DF712757A9DA00B1AF21 /* NoteManager.swift in Sources */ = {isa = PBXBuildFile; fileRef = 8126DF702757A9DA00B1AF21 /* NoteManager.swift */; };
		8126DF742757AC7C00B1AF21 /* NoteModel.swift in Sources */ = {isa = PBXBuildFile; fileRef = 8126DF732757AC7C00B1AF21 /* NoteModel.swift */; };
		8126DF772757F64500B1AF21 /* NoteCell.swift in Sources */ = {isa = PBXBuildFile; fileRef = 8126DF762757F64500B1AF21 /* NoteCell.swift */; };
		81370BC22760E2C5003E7FC2 /* CellDetailViewController.swift in Sources */ = {isa = PBXBuildFile; fileRef = 81370BC12760E2C5003E7FC2 /* CellDetailViewController.swift */; };
		81370BC52760E2D1003E7FC2 /* AddNoteViewController.swift in Sources */ = {isa = PBXBuildFile; fileRef = 81370BC42760E2D1003E7FC2 /* AddNoteViewController.swift */; };
/* End PBXBuildFile section */

/* Begin PBXFileReference section */
		8126DF582757A6C900B1AF21 /* LEarnToBindWithDB.app */ = {isa = PBXFileReference; explicitFileType = wrapper.application; includeInIndex = 0; path = LEarnToBindWithDB.app; sourceTree = BUILT_PRODUCTS_DIR; };
		8126DF5B2757A6C900B1AF21 /* AppDelegate.swift */ = {isa = PBXFileReference; lastKnownFileType = sourcecode.swift; path = AppDelegate.swift; sourceTree = "<group>"; };
		8126DF5D2757A6C900B1AF21 /* SceneDelegate.swift */ = {isa = PBXFileReference; lastKnownFileType = sourcecode.swift; path = SceneDelegate.swift; sourceTree = "<group>"; };
		8126DF5F2757A6C900B1AF21 /* ViewController.swift */ = {isa = PBXFileReference; lastKnownFileType = sourcecode.swift; path = ViewController.swift; sourceTree = "<group>"; };
		8126DF622757A6CA00B1AF21 /* Base */ = {isa = PBXFileReference; lastKnownFileType = file.storyboard; name = Base; path = Base.lproj/Main.storyboard; sourceTree = "<group>"; };
		8126DF642757A6CC00B1AF21 /* Assets.xcassets */ = {isa = PBXFileReference; lastKnownFileType = folder.assetcatalog; path = Assets.xcassets; sourceTree = "<group>"; };
		8126DF672757A6CC00B1AF21 /* Base */ = {isa = PBXFileReference; lastKnownFileType = file.storyboard; name = Base; path = Base.lproj/LaunchScreen.storyboard; sourceTree = "<group>"; };
		8126DF692757A6CC00B1AF21 /* Info.plist */ = {isa = PBXFileReference; lastKnownFileType = text.plist.xml; path = Info.plist; sourceTree = "<group>"; };
		8126DF702757A9DA00B1AF21 /* NoteManager.swift */ = {isa = PBXFileReference; lastKnownFileType = sourcecode.swift; path = NoteManager.swift; sourceTree = "<group>"; };
		8126DF732757AC7C00B1AF21 /* NoteModel.swift */ = {isa = PBXFileReference; lastKnownFileType = sourcecode.swift; path = NoteModel.swift; sourceTree = "<group>"; };
		8126DF762757F64500B1AF21 /* NoteCell.swift */ = {isa = PBXFileReference; lastKnownFileType = sourcecode.swift; path = NoteCell.swift; sourceTree = "<group>"; };
		81370BC12760E2C5003E7FC2 /* CellDetailViewController.swift */ = {isa = PBXFileReference; lastKnownFileType = sourcecode.swift; path = CellDetailViewController.swift; sourceTree = "<group>"; };
		81370BC42760E2D1003E7FC2 /* AddNoteViewController.swift */ = {isa = PBXFileReference; lastKnownFileType = sourcecode.swift; path = AddNoteViewController.swift; sourceTree = "<group>"; };
/* End PBXFileReference section */

/* Begin PBXFrameworksBuildPhase section */
		8126DF552757A6C900B1AF21 /* Frameworks */ = {
			isa = PBXFrameworksBuildPhase;
			buildActionMask = 2147483647;
			files = (
			);
			runOnlyForDeploymentPostprocessing = 0;
		};
/* End PBXFrameworksBuildPhase section */

/* Begin PBXGroup section */
		8126DF4F2757A6C900B1AF21 = {
			isa = PBXGroup;
			children = (
				8126DF5A2757A6C900B1AF21 /* LEarnToBindWithDB */,
				8126DF592757A6C900B1AF21 /* Products */,
			);
			sourceTree = "<group>";
		};
		8126DF592757A6C900B1AF21 /* Products */ = {
			isa = PBXGroup;
			children = (
				8126DF582757A6C900B1AF21 /* LEarnToBindWithDB.app */,
			);
			name = Products;
			sourceTree = "<group>";
		};
		8126DF5A2757A6C900B1AF21 /* LEarnToBindWithDB */ = {
			isa = PBXGroup;
			children = (
				8126DF5B2757A6C900B1AF21 /* AppDelegate.swift */,
				8126DF5D2757A6C900B1AF21 /* SceneDelegate.swift */,
				8126DF5F2757A6C900B1AF21 /* ViewController.swift */,
				81370BC42760E2D1003E7FC2 /* AddNoteViewController.swift */,
				81370BC12760E2C5003E7FC2 /* CellDetailViewController.swift */,
				8126DF612757A6CA00B1AF21 /* Main.storyboard */,
				8126DF642757A6CC00B1AF21 /* Assets.xcassets */,
				8126DF662757A6CC00B1AF21 /* LaunchScreen.storyboard */,
				8126DF692757A6CC00B1AF21 /* Info.plist */,
				8126DF702757A9DA00B1AF21 /* NoteManager.swift */,
				8126DF732757AC7C00B1AF21 /* NoteModel.swift */,
				8126DF762757F64500B1AF21 /* NoteCell.swift */,
			);
			path = LEarnToBindWithDB;
			sourceTree = "<group>";
		};
/* End PBXGroup section */

/* Begin PBXNativeTarget section */
		8126DF572757A6C900B1AF21 /* LEarnToBindWithDB */ = {
			isa = PBXNativeTarget;
			buildConfigurationList = 8126DF6C2757A6CC00B1AF21 /* Build configuration list for PBXNativeTarget "LEarnToBindWithDB" */;
			buildPhases = (
				8126DF542757A6C900B1AF21 /* Sources */,
				8126DF552757A6C900B1AF21 /* Frameworks */,
				8126DF562757A6C900B1AF21 /* Resources */,
			);
			buildRules = (
			);
			dependencies = (
			);
			name = LEarnToBindWithDB;
			productName = LEarnToBindWithDB;
			productReference = 8126DF582757A6C900B1AF21 /* LEarnToBindWithDB.app */;
			productType = "com.apple.product-type.application";
		};
/* End PBXNativeTarget section */

/* Begin PBXProject section */
		8126DF502757A6C900B1AF21 /* Project object */ = {
			isa = PBXProject;
			attributes = {
				LastSwiftUpdateCheck = 1240;
				LastUpgradeCheck = 1240;
				TargetAttributes = {
					8126DF572757A6C900B1AF21 = {
						CreatedOnToolsVersion = 12.4;
					};
				};
			};
			buildConfigurationList = 8126DF532757A6C900B1AF21 /* Build configuration list for PBXProject "LEarnToBindWithDB" */;
			compatibilityVersion = "Xcode 9.3";
			developmentRegion = en;
			hasScannedForEncodings = 0;
			knownRegions = (
				en,
				Base,
			);
			mainGroup = 8126DF4F2757A6C900B1AF21;
			productRefGroup = 8126DF592757A6C900B1AF21 /* Products */;
			projectDirPath = "";
			projectRoot = "";
			targets = (
				8126DF572757A6C900B1AF21 /* LEarnToBindWithDB */,
			);
		};
/* End PBXProject section */

/* Begin PBXResourcesBuildPhase section */
		8126DF562757A6C900B1AF21 /* Resources */ = {
			isa = PBXResourcesBuildPhase;
			buildActionMask = 2147483647;
			files = (
				8126DF682757A6CC00B1AF21 /* LaunchScreen.storyboard in Resources */,
				8126DF652757A6CC00B1AF21 /* Assets.xcassets in Resources */,
				8126DF632757A6CA00B1AF21 /* Main.storyboard in Resources */,
			);
			runOnlyForDeploymentPostprocessing = 0;
		};
/* End PBXResourcesBuildPhase section */

/* Begin PBXSourcesBuildPhase section */
		8126DF542757A6C900B1AF21 /* Sources */ = {
			isa = PBXSourcesBuildPhase;
			buildActionMask = 2147483647;
			files = (
				8126DF742757AC7C00B1AF21 /* NoteModel.swift in Sources */,
				8126DF602757A6C900B1AF21 /* ViewController.swift in Sources */,
				8126DF712757A9DA00B1AF21 /* NoteManager.swift in Sources */,
				8126DF772757F64500B1AF21 /* NoteCell.swift in Sources */,
				81370BC52760E2D1003E7FC2 /* AddNoteViewController.swift in Sources */,
				8126DF5C2757A6C900B1AF21 /* AppDelegate.swift in Sources */,
				81370BC22760E2C5003E7FC2 /* CellDetailViewController.swift in Sources */,
				8126DF5E2757A6C900B1AF21 /* SceneDelegate.swift in Sources */,
			);
			runOnlyForDeploymentPostprocessing = 0;
		};
/* End PBXSourcesBuildPhase section */

/* Begin PBXVariantGroup section */
		8126DF612757A6CA00B1AF21 /* Main.storyboard */ = {
			isa = PBXVariantGroup;
			children = (
				8126DF622757A6CA00B1AF21 /* Base */,
			);
			name = Main.storyboard;
			sourceTree = "<group>";
		};
		8126DF662757A6CC00B1AF21 /* LaunchScreen.storyboard */ = {
			isa = PBXVariantGroup;
			children = (
				8126DF672757A6CC00B1AF21 /* Base */,
			);
			name = LaunchScreen.storyboard;
			sourceTree = "<group>";
		};
/* End PBXVariantGroup section */

/* Begin XCBuildConfiguration section */
		8126DF6A2757A6CC00B1AF21 /* Debug */ = {
			isa = XCBuildConfiguration;
			buildSettings = {
				ALWAYS_SEARCH_USER_PATHS = NO;
				CLANG_ANALYZER_NONNULL = YES;
				CLANG_ANALYZER_NUMBER_OBJECT_CONVERSION = YES_AGGRESSIVE;
				CLANG_CXX_LANGUAGE_STANDARD = "gnu++14";
				CLANG_CXX_LIBRARY = "libc++";
				CLANG_ENABLE_MODULES = YES;
				CLANG_ENABLE_OBJC_ARC = YES;
				CLANG_ENABLE_OBJC_WEAK = YES;
				CLANG_WARN_BLOCK_CAPTURE_AUTORELEASING = YES;
				CLANG_WARN_BOOL_CONVERSION = YES;
				CLANG_WARN_COMMA = YES;
				CLANG_WARN_CONSTANT_CONVERSION = YES;
				CLANG_WARN_DEPRECATED_OBJC_IMPLEMENTATIONS = YES;
				CLANG_WARN_DIRECT_OBJC_ISA_USAGE = YES_ERROR;
				CLANG_WARN_DOCUMENTATION_COMMENTS = YES;
				CLANG_WARN_EMPTY_BODY = YES;
				CLANG_WARN_ENUM_CONVERSION = YES;
				CLANG_WARN_INFINITE_RECURSION = YES;
				CLANG_WARN_INT_CONVERSION = YES;
				CLANG_WARN_NON_LITERAL_NULL_CONVERSION = YES;
				CLANG_WARN_OBJC_IMPLICIT_RETAIN_SELF = YES;
				CLANG_WARN_OBJC_LITERAL_CONVERSION = YES;
				CLANG_WARN_OBJC_ROOT_CLASS = YES_ERROR;
				CLANG_WARN_QUOTED_INCLUDE_IN_FRAMEWORK_HEADER = YES;
				CLANG_WARN_RANGE_LOOP_ANALYSIS = YES;
				CLANG_WARN_STRICT_PROTOTYPES = YES;
				CLANG_WARN_SUSPICIOUS_MOVE = YES;
				CLANG_WARN_UNGUARDED_AVAILABILITY = YES_AGGRESSIVE;
				CLANG_WARN_UNREACHABLE_CODE = YES;
				CLANG_WARN__DUPLICATE_METHOD_MATCH = YES;
				COPY_PHASE_STRIP = NO;
				DEBUG_INFORMATION_FORMAT = dwarf;
				ENABLE_STRICT_OBJC_MSGSEND = YES;
				ENABLE_TESTABILITY = YES;
				GCC_C_LANGUAGE_STANDARD = gnu11;
				GCC_DYNAMIC_NO_PIC = NO;
				GCC_NO_COMMON_BLOCKS = YES;
				GCC_OPTIMIZATION_LEVEL = 0;
				GCC_PREPROCESSOR_DEFINITIONS = (
					"DEBUG=1",
					"$(inherited)",
				);
				GCC_WARN_64_TO_32_BIT_CONVERSION = YES;
				GCC_WARN_ABOUT_RETURN_TYPE = YES_ERROR;
				GCC_WARN_UNDECLARED_SELECTOR = YES;
				GCC_WARN_UNINITIALIZED_AUTOS = YES_AGGRESSIVE;
				GCC_WARN_UNUSED_FUNCTION = YES;
				GCC_WARN_UNUSED_VARIABLE = YES;
				IPHONEOS_DEPLOYMENT_TARGET = 14.4;
				MTL_ENABLE_DEBUG_INFO = INCLUDE_SOURCE;
				MTL_FAST_MATH = YES;
				ONLY_ACTIVE_ARCH = YES;
				SDKROOT = iphoneos;
				SWIFT_ACTIVE_COMPILATION_CONDITIONS = DEBUG;
				SWIFT_OPTIMIZATION_LEVEL = "-Onone";
			};
			name = Debug;
		};
		8126DF6B2757A6CC00B1AF21 /* Release */ = {
			isa = XCBuildConfiguration;
			buildSettings = {
				ALWAYS_SEARCH_USER_PATHS = NO;
				CLANG_ANALYZER_NONNULL = YES;
				CLANG_ANALYZER_NUMBER_OBJECT_CONVERSION = YES_AGGRESSIVE;
				CLANG_CXX_LANGUAGE_STANDARD = "gnu++14";
				CLANG_CXX_LIBRARY = "libc++";
				CLANG_ENABLE_MODULES = YES;
				CLANG_ENABLE_OBJC_ARC = YES;
				CLANG_ENABLE_OBJC_WEAK = YES;
				CLANG_WARN_BLOCK_CAPTURE_AUTORELEASING = YES;
				CLANG_WARN_BOOL_CONVERSION = YES;
				CLANG_WARN_COMMA = YES;
				CLANG_WARN_CONSTANT_CONVERSION = YES;
				CLANG_WARN_DEPRECATED_OBJC_IMPLEMENTATIONS = YES;
				CLANG_WARN_DIRECT_OBJC_ISA_USAGE = YES_ERROR;
				CLANG_WARN_DOCUMENTATION_COMMENTS = YES;
				CLANG_WARN_EMPTY_BODY = YES;
				CLANG_WARN_ENUM_CONVERSION = YES;
				CLANG_WARN_INFINITE_RECURSION = YES;
				CLANG_WARN_INT_CONVERSION = YES;
				CLANG_WARN_NON_LITERAL_NULL_CONVERSION = YES;
				CLANG_WARN_OBJC_IMPLICIT_RETAIN_SELF = YES;
				CLANG_WARN_OBJC_LITERAL_CONVERSION = YES;
				CLANG_WARN_OBJC_ROOT_CLASS = YES_ERROR;
				CLANG_WARN_QUOTED_INCLUDE_IN_FRAMEWORK_HEADER = YES;
				CLANG_WARN_RANGE_LOOP_ANALYSIS = YES;
				CLANG_WARN_STRICT_PROTOTYPES = YES;
				CLANG_WARN_SUSPICIOUS_MOVE = YES;
				CLANG_WARN_UNGUARDED_AVAILABILITY = YES_AGGRESSIVE;
				CLANG_WARN_UNREACHABLE_CODE = YES;
				CLANG_WARN__DUPLICATE_METHOD_MATCH = YES;
				COPY_PHASE_STRIP = NO;
				DEBUG_INFORMATION_FORMAT = "dwarf-with-dsym";
				ENABLE_NS_ASSERTIONS = NO;
				ENABLE_STRICT_OBJC_MSGSEND = YES;
				GCC_C_LANGUAGE_STANDARD = gnu11;
				GCC_NO_COMMON_BLOCKS = YES;
				GCC_WARN_64_TO_32_BIT_CONVERSION = YES;
				GCC_WARN_ABOUT_RETURN_TYPE = YES_ERROR;
				GCC_WARN_UNDECLARED_SELECTOR = YES;
				GCC_WARN_UNINITIALIZED_AUTOS = YES_AGGRESSIVE;
				GCC_WARN_UNUSED_FUNCTION = YES;
				GCC_WARN_UNUSED_VARIABLE = YES;
				IPHONEOS_DEPLOYMENT_TARGET = 14.4;
				MTL_ENABLE_DEBUG_INFO = NO;
				MTL_FAST_MATH = YES;
				SDKROOT = iphoneos;
				SWIFT_COMPILATION_MODE = wholemodule;
				SWIFT_OPTIMIZATION_LEVEL = "-O";
				VALIDATE_PRODUCT = YES;
			};
			name = Release;
		};
		8126DF6D2757A6CC00B1AF21 /* Debug */ = {
			isa = XCBuildConfiguration;
			buildSettings = {
				ASSETCATALOG_COMPILER_APPICON_NAME = AppIcon;
				ASSETCATALOG_COMPILER_GLOBAL_ACCENT_COLOR_NAME = AccentColor;
				CODE_SIGN_STYLE = Automatic;
				INFOPLIST_FILE = LEarnToBindWithDB/Info.plist;
				LD_RUNPATH_SEARCH_PATHS = (
					"$(inherited)",
					"@executable_path/Frameworks",
				);
				PRODUCT_BUNDLE_IDENTIFIER = com.example.LEarnToBindWithDB;
				PRODUCT_NAME = "$(TARGET_NAME)";
				SWIFT_VERSION = 5.0;
				TARGETED_DEVICE_FAMILY = "1,2";
			};
			name = Debug;
		};
		8126DF6E2757A6CC00B1AF21 /* Release */ = {
			isa = XCBuildConfiguration;
			buildSettings = {
				ASSETCATALOG_COMPILER_APPICON_NAME = AppIcon;
				ASSETCATALOG_COMPILER_GLOBAL_ACCENT_COLOR_NAME = AccentColor;
				CODE_SIGN_STYLE = Automatic;
				INFOPLIST_FILE = LEarnToBindWithDB/Info.plist;
				LD_RUNPATH_SEARCH_PATHS = (
					"$(inherited)",
					"@executable_path/Frameworks",
				);
				PRODUCT_BUNDLE_IDENTIFIER = com.example.LEarnToBindWithDB;
				PRODUCT_NAME = "$(TARGET_NAME)";
				SWIFT_VERSION = 5.0;
				TARGETED_DEVICE_FAMILY = "1,2";
			};
			name = Release;
		};
/* End XCBuildConfiguration section */

/* Begin XCConfigurationList section */
		8126DF532757A6C900B1AF21 /* Build configuration list for PBXProject "LEarnToBindWithDB" */ = {
			isa = XCConfigurationList;
			buildConfigurations = (
				8126DF6A2757A6CC00B1AF21 /* Debug */,
				8126DF6B2757A6CC00B1AF21 /* Release */,
			);
			defaultConfigurationIsVisible = 0;
			defaultConfigurationName = Release;
		};
		8126DF6C2757A6CC00B1AF21 /* Build configuration list for PBXNativeTarget "LEarnToBindWithDB" */ = {
			isa = XCConfigurationList;
			buildConfigurations = (
				8126DF6D2757A6CC00B1AF21 /* Debug */,
				8126DF6E2757A6CC00B1AF21 /* Release */,
			);
			defaultConfigurationIsVisible = 0;
			defaultConfigurationName = Release;
		};
/* End XCConfigurationList section */
	};
	rootObject = 8126DF502757A6C900B1AF21 /* Project object */;
}
